
Microsoft Visual Studio Solution File, Format Version 12.00
# Visual Studio 15
VisualStudioVersion = 15.0.27428.2037
MinimumVisualStudioVersion = 10.0.40219.1
Project("{FAE04EC0-301F-11D3-BF4B-00C04F79EFBC}") = "Snake", "Snake\Snake.csproj", "{428AEE77-0ED2-4B9D-9576-5FDBD0820036}"
EndProject
Global
	GlobalSection(SolutionConfigurationPlatforms) = preSolution
		Debug|Any CPU = Debug|Any CPU
		Release|Any CPU = Release|Any CPU
	EndGlobalSection
	GlobalSection(ProjectConfigurationPlatforms) = postSolution
		{428AEE77-0ED2-4B9D-9576-5FDBD0820036}.Debug|Any CPU.ActiveCfg = Debug|Any CPU
		{428AEE77-0ED2-4B9D-9576-5FDBD0820036}.Debug|Any CPU.Build.0 = Debug|Any CPU
		{428AEE77-0ED2-4B9D-9576-5FDBD0820036}.Release|Any CPU.ActiveCfg = Release|Any CPU
		{428AEE77-0ED2-4B9D-9576-5FDBD0820036}.Release|Any CPU.Build.0 = Release|Any CPU
	EndGlobalSection
	GlobalSection(SolutionProperties) = preSolution
		HideSolutionNode = FALSE
	EndGlobalSection
	GlobalSection(ExtensibilityGlobals) = postSolution
		SolutionGuid = {4E98AC83-7348-4780-A9FF-077A1976DC02}
	EndGlobalSection
EndGlobal
